
Microsoft Visual Studio Solution File, Format Version 12.00
# Visual Studio Version 17
VisualStudioVersion = 17.11.35303.130
MinimumVisualStudioVersion = 10.0.40219.1
Project("{FAE04EC0-301F-11D3-BF4B-00C04F79EFBC}") = "DTO_demo", "DTO_demo\DTO_demo.csproj", "{711804DB-3D5B-495F-AF97-397D4D267AFF}"
EndProject
Global
	GlobalSection(SolutionConfigurationPlatforms) = preSolution
		Debug|Any CPU = Debug|Any CPU
		Release|Any CPU = Release|Any CPU
	EndGlobalSection
	GlobalSection(ProjectConfigurationPlatforms) = postSolution
		{711804DB-3D5B-495F-AF97-397D4D267AFF}.Debug|Any CPU.ActiveCfg = Debug|Any CPU
		{711804DB-3D5B-495F-AF97-397D4D267AFF}.Debug|Any CPU.Build.0 = Debug|Any CPU
		{711804DB-3D5B-495F-AF97-397D4D267AFF}.Release|Any CPU.ActiveCfg = Release|Any CPU
		{711804DB-3D5B-495F-AF97-397D4D267AFF}.Release|Any CPU.Build.0 = Release|Any CPU
	EndGlobalSection
	GlobalSection(SolutionProperties) = preSolution
		HideSolutionNode = FALSE
	EndGlobalSection
	GlobalSection(ExtensibilityGlobals) = postSolution
		SolutionGuid = {FF1CDBE2-EEF2-4012-B5FA-50089E5E44D8}
	EndGlobalSection
EndGlobal
